<Solution>
  <Project Path="EmployeeManagementSystem.BusinessLogic/EmployeeManagementSystem.BusinessLogic.csproj" />
  <Project Path="EmployeeManagementSystem.DataAccess/EmployeeManagementSystem.DataAccess.csproj" />
  <Project Path="EmployeeManagementSystem.Domain/EmployeeManagementSystem.Domain.csproj" />
  <Project Path="EmployeeManagementSystem.Tests/EmployeeManagementSystem.Tests.csproj" />
  <Project Path="EmployeeManagementSystem.WebAPI/EmployeeManagementSystem.WebAPI.csproj" />
</Solution>
